
Microsoft Visual Studio Solution File, Format Version 12.00
# Visual Studio Version 16
VisualStudioVersion = 16.0.29123.88
MinimumVisualStudioVersion = 10.0.40219.1
Project("{FAE04EC0-301F-11D3-BF4B-00C04F79EFBC}") = "TestePagueVeloz", "TestePagueVeloz\TestePagueVeloz.csproj", "{FEB6519B-F91D-486B-8327-D8C333F51D4A}"
EndProject
Global
	GlobalSection(SolutionConfigurationPlatforms) = preSolution
		Debug|Any CPU = Debug|Any CPU
		Release|Any CPU = Release|Any CPU
	EndGlobalSection
	GlobalSection(ProjectConfigurationPlatforms) = postSolution
		{FEB6519B-F91D-486B-8327-D8C333F51D4A}.Debug|Any CPU.ActiveCfg = Debug|Any CPU
		{FEB6519B-F91D-486B-8327-D8C333F51D4A}.Debug|Any CPU.Build.0 = Debug|Any CPU
		{FEB6519B-F91D-486B-8327-D8C333F51D4A}.Release|Any CPU.ActiveCfg = Release|Any CPU
		{FEB6519B-F91D-486B-8327-D8C333F51D4A}.Release|Any CPU.Build.0 = Release|Any CPU
	EndGlobalSection
	GlobalSection(SolutionProperties) = preSolution
		HideSolutionNode = FALSE
	EndGlobalSection
	GlobalSection(ExtensibilityGlobals) = postSolution
		SolutionGuid = {30DBF401-D55F-4B96-8B64-86C35C5AC976}
	EndGlobalSection
EndGlobal
